
Microsoft Visual Studio Solution File, Format Version 12.00
# Visual Studio 15
VisualStudioVersion = 15.0.26730.15
MinimumVisualStudioVersion = 10.0.40219.1
Project("{FAE04EC0-301F-11D3-BF4B-00C04F79EFBC}") = "TestEntityFrameWork", "TestEntityFrameWork\TestEntityFrameWork.csproj", "{39576EF3-DC9C-4901-A8AF-025247057216}"
EndProject
Global
	GlobalSection(SolutionConfigurationPlatforms) = preSolution
		Debug|Any CPU = Debug|Any CPU
		Release|Any CPU = Release|Any CPU
	EndGlobalSection
	GlobalSection(ProjectConfigurationPlatforms) = postSolution
		{39576EF3-DC9C-4901-A8AF-025247057216}.Debug|Any CPU.ActiveCfg = Debug|Any CPU
		{39576EF3-DC9C-4901-A8AF-025247057216}.Debug|Any CPU.Build.0 = Debug|Any CPU
		{39576EF3-DC9C-4901-A8AF-025247057216}.Release|Any CPU.ActiveCfg = Release|Any CPU
		{39576EF3-DC9C-4901-A8AF-025247057216}.Release|Any CPU.Build.0 = Release|Any CPU
	EndGlobalSection
	GlobalSection(SolutionProperties) = preSolution
		HideSolutionNode = FALSE
	EndGlobalSection
	GlobalSection(ExtensibilityGlobals) = postSolution
		SolutionGuid = {A3589645-B9D7-4B22-825F-D7BCA409100A}
	EndGlobalSection
EndGlobal
